
Microsoft Visual Studio Solution File, Format Version 12.00
# Visual Studio 15
VisualStudioVersion = 15.0.26711.1
MinimumVisualStudioVersion = 10.0.40219.1
Project("{FAE04EC0-301F-11D3-BF4B-00C04F79EFBC}") = "JO.VirtualPet", "JO.VirtualPet\JO.VirtualPet.csproj", "{1327A4A4-FB88-4523-8FDF-96572974DAAF}"
EndProject
Project("{E53339B2-1760-4266-BCC7-CA923CBCF16C}") = "docker-compose", "docker-compose.dcproj", "{60FDEEC7-499D-4762-9C5D-F8A8FD94FC31}"
EndProject
Global
	GlobalSection(SolutionConfigurationPlatforms) = preSolution
		Debug|Any CPU = Debug|Any CPU
		Release|Any CPU = Release|Any CPU
	EndGlobalSection
	GlobalSection(ProjectConfigurationPlatforms) = postSolution
		{1327A4A4-FB88-4523-8FDF-96572974DAAF}.Debug|Any CPU.ActiveCfg = Debug|Any CPU
		{1327A4A4-FB88-4523-8FDF-96572974DAAF}.Debug|Any CPU.Build.0 = Debug|Any CPU
		{1327A4A4-FB88-4523-8FDF-96572974DAAF}.Release|Any CPU.ActiveCfg = Release|Any CPU
		{1327A4A4-FB88-4523-8FDF-96572974DAAF}.Release|Any CPU.Build.0 = Release|Any CPU
		{60FDEEC7-499D-4762-9C5D-F8A8FD94FC31}.Debug|Any CPU.ActiveCfg = Debug|Any CPU
		{60FDEEC7-499D-4762-9C5D-F8A8FD94FC31}.Debug|Any CPU.Build.0 = Debug|Any CPU
		{60FDEEC7-499D-4762-9C5D-F8A8FD94FC31}.Release|Any CPU.ActiveCfg = Release|Any CPU
		{60FDEEC7-499D-4762-9C5D-F8A8FD94FC31}.Release|Any CPU.Build.0 = Release|Any CPU
	EndGlobalSection
	GlobalSection(SolutionProperties) = preSolution
		HideSolutionNode = FALSE
	EndGlobalSection
	GlobalSection(ExtensibilityGlobals) = postSolution
		SolutionGuid = {0CC7B1A3-5A04-47C7-8092-C80C97473BEF}
	EndGlobalSection
EndGlobal
