
Microsoft Visual Studio Solution File, Format Version 12.00
# Visual Studio 15
VisualStudioVersion = 15.0.26711.1
MinimumVisualStudioVersion = 10.0.40219.1
Project("{9A19103F-16F7-4668-BE54-9A1E7A4F7556}") = "JO.VirtualPet", "JO.VirtualPet\JO.VirtualPet.csproj", "{1327A4A4-FB88-4523-8FDF-96572974DAAF}"
EndProject
Project("{9A19103F-16F7-4668-BE54-9A1E7A4F7556}") = "JO.Core", "JO.Core\JO.Core.csproj", "{538E2588-2A20-4C56-B860-DC9F6C6715F6}"
EndProject
Project("{9A19103F-16F7-4668-BE54-9A1E7A4F7556}") = "JO.Data", "JO.Data\JO.Data.csproj", "{673B92AE-96CD-4BF2-B3FD-1E69782B7CC7}"
EndProject
Project("{9A19103F-16F7-4668-BE54-9A1E7A4F7556}") = "JO.Tests", "..\JO.Tests\JO.Tests.csproj", "{9E5D2E15-85CE-42B3-8C3A-8C1CB379751C}"
EndProject
Global
	GlobalSection(SolutionConfigurationPlatforms) = preSolution
		Debug|Any CPU = Debug|Any CPU
		Release|Any CPU = Release|Any CPU
	EndGlobalSection
	GlobalSection(ProjectConfigurationPlatforms) = postSolution
		{1327A4A4-FB88-4523-8FDF-96572974DAAF}.Debug|Any CPU.ActiveCfg = Debug|Any CPU
		{1327A4A4-FB88-4523-8FDF-96572974DAAF}.Debug|Any CPU.Build.0 = Debug|Any CPU
		{1327A4A4-FB88-4523-8FDF-96572974DAAF}.Release|Any CPU.ActiveCfg = Release|Any CPU
		{1327A4A4-FB88-4523-8FDF-96572974DAAF}.Release|Any CPU.Build.0 = Release|Any CPU
		{538E2588-2A20-4C56-B860-DC9F6C6715F6}.Debug|Any CPU.ActiveCfg = Debug|Any CPU
		{538E2588-2A20-4C56-B860-DC9F6C6715F6}.Debug|Any CPU.Build.0 = Debug|Any CPU
		{538E2588-2A20-4C56-B860-DC9F6C6715F6}.Release|Any CPU.ActiveCfg = Release|Any CPU
		{538E2588-2A20-4C56-B860-DC9F6C6715F6}.Release|Any CPU.Build.0 = Release|Any CPU
		{673B92AE-96CD-4BF2-B3FD-1E69782B7CC7}.Debug|Any CPU.ActiveCfg = Debug|Any CPU
		{673B92AE-96CD-4BF2-B3FD-1E69782B7CC7}.Debug|Any CPU.Build.0 = Debug|Any CPU
		{673B92AE-96CD-4BF2-B3FD-1E69782B7CC7}.Release|Any CPU.ActiveCfg = Release|Any CPU
		{673B92AE-96CD-4BF2-B3FD-1E69782B7CC7}.Release|Any CPU.Build.0 = Release|Any CPU
		{9E5D2E15-85CE-42B3-8C3A-8C1CB379751C}.Debug|Any CPU.ActiveCfg = Debug|Any CPU
		{9E5D2E15-85CE-42B3-8C3A-8C1CB379751C}.Debug|Any CPU.Build.0 = Debug|Any CPU
		{9E5D2E15-85CE-42B3-8C3A-8C1CB379751C}.Release|Any CPU.ActiveCfg = Release|Any CPU
		{9E5D2E15-85CE-42B3-8C3A-8C1CB379751C}.Release|Any CPU.Build.0 = Release|Any CPU
	EndGlobalSection
	GlobalSection(SolutionProperties) = preSolution
		HideSolutionNode = FALSE
	EndGlobalSection
	GlobalSection(ExtensibilityGlobals) = postSolution
		SolutionGuid = {0CC7B1A3-5A04-47C7-8092-C80C97473BEF}
	EndGlobalSection
EndGlobal
